
Microsoft Visual Studio Solution File, Format Version 12.00
# Visual Studio Version 16
VisualStudioVersion = 16.0.30611.23
MinimumVisualStudioVersion = 10.0.40219.1
Project("{8BC9CEB8-8B4A-11D0-8D11-00A0C91BC942}") = "D3DFrame", "D3DFrame\D3DFrame.vcxproj", "{64F4F4ED-EFFA-4A3C-BD2D-1F0AE1226AEF}"
EndProject
Global
	GlobalSection(SolutionConfigurationPlatforms) = preSolution
		Debug|x64 = Debug|x64
		Debug|x86 = Debug|x86
		Release|x64 = Release|x64
		Release|x86 = Release|x86
	EndGlobalSection
	GlobalSection(ProjectConfigurationPlatforms) = postSolution
		{64F4F4ED-EFFA-4A3C-BD2D-1F0AE1226AEF}.Debug|x64.ActiveCfg = Debug|x64
		{64F4F4ED-EFFA-4A3C-BD2D-1F0AE1226AEF}.Debug|x64.Build.0 = Debug|x64
		{64F4F4ED-EFFA-4A3C-BD2D-1F0AE1226AEF}.Debug|x86.ActiveCfg = Debug|Win32
		{64F4F4ED-EFFA-4A3C-BD2D-1F0AE1226AEF}.Debug|x86.Build.0 = Debug|Win32
		{64F4F4ED-EFFA-4A3C-BD2D-1F0AE1226AEF}.Release|x64.ActiveCfg = Release|x64
		{64F4F4ED-EFFA-4A3C-BD2D-1F0AE1226AEF}.Release|x64.Build.0 = Release|x64
		{64F4F4ED-EFFA-4A3C-BD2D-1F0AE1226AEF}.Release|x86.ActiveCfg = Release|Win32
		{64F4F4ED-EFFA-4A3C-BD2D-1F0AE1226AEF}.Release|x86.Build.0 = Release|Win32
	EndGlobalSection
	GlobalSection(SolutionProperties) = preSolution
		HideSolutionNode = FALSE
	EndGlobalSection
	GlobalSection(ExtensibilityGlobals) = postSolution
		SolutionGuid = {D49FE4D9-861B-431F-A7BA-A364D906FE9F}
	EndGlobalSection
EndGlobal
